// !$*UTF8*$!
{
	archiveVersion = 1;
	classes = {
	};
	objectVersion = 46;
	objects = {

/* Begin PBXBuildFile section */
		F69A087518EEA66600D88D85 /* Foundation.framework in Frameworks */ = {isa = PBXBuildFile; fileRef = F69A087418EEA66600D88D85 /* Foundation.framework */; };
		F69A087718EEA66600D88D85 /* CoreGraphics.framework in Frameworks */ = {isa = PBXBuildFile; fileRef = F69A087618EEA66600D88D85 /* CoreGraphics.framework */; };
		F69A087918EEA66600D88D85 /* UIKit.framework in Frameworks */ = {isa = PBXBuildFile; fileRef = F69A087818EEA66600D88D85 /* UIKit.framework */; };
		F69A087F18EEA66600D88D85 /* InfoPlist.strings in Resources */ = {isa = PBXBuildFile; fileRef = F69A087D18EEA66600D88D85 /* InfoPlist.strings */; };
		F69A088118EEA66600D88D85 /* main.m in Sources */ = {isa = PBXBuildFile; fileRef = F69A088018EEA66600D88D85 /* main.m */; };
		F69A088518EEA66600D88D85 /* AppDelegate.m in Sources */ = {isa = PBXBuildFile; fileRef = F69A088418EEA66600D88D85 /* AppDelegate.m */; };
		F69A088818EEA66600D88D85 /* Main_iPhone.storyboard in Resources */ = {isa = PBXBuildFile; fileRef = F69A088618EEA66600D88D85 /* Main_iPhone.storyboard */; };
		F69A088B18EEA66600D88D85 /* Main_iPad.storyboard in Resources */ = {isa = PBXBuildFile; fileRef = F69A088918EEA66600D88D85 /* Main_iPad.storyboard */; };
		F69A088E18EEA66600D88D85 /* ViewController.m in Sources */ = {isa = PBXBuildFile; fileRef = F69A088D18EEA66600D88D85 /* ViewController.m */; };
		F69A089018EEA66600D88D85 /* Images.xcassets in Resources */ = {isa = PBXBuildFile; fileRef = F69A088F18EEA66600D88D85 /* Images.xcassets */; };
		F69A089718EEA66600D88D85 /* XCTest.framework in Frameworks */ = {isa = PBXBuildFile; fileRef = F69A089618EEA66600D88D85 /* XCTest.framework */; };
		F69A089818EEA66600D88D85 /* Foundation.framework in Frameworks */ = {isa = PBXBuildFile; fileRef = F69A087418EEA66600D88D85 /* Foundation.framework */; };
		F69A089918EEA66600D88D85 /* UIKit.framework in Frameworks */ = {isa = PBXBuildFile; fileRef = F69A087818EEA66600D88D85 /* UIKit.framework */; };
		F69A08A118EEA66600D88D85 /* InfoPlist.strings in Resources */ = {isa = PBXBuildFile; fileRef = F69A089F18EEA66600D88D85 /* InfoPlist.strings */; };
		F69A08A318EEA66600D88D85 /* GraduationProjectTests.m in Sources */ = {isa = PBXBuildFile; fileRef = F69A08A218EEA66600D88D85 /* GraduationProjectTests.m */; };
/* End PBXBuildFile section */

/* Begin PBXContainerItemProxy section */
		F69A089A18EEA66600D88D85 /* PBXContainerItemProxy */ = {
			isa = PBXContainerItemProxy;
			containerPortal = F69A086918EEA66600D88D85 /* Project object */;
			proxyType = 1;
			remoteGlobalIDString = F69A087018EEA66600D88D85;
			remoteInfo = GraduationProject;
		};
/* End PBXContainerItemProxy section */

/* Begin PBXFileReference section */
		F69A087118EEA66600D88D85 /* GraduationProject.app */ = {isa = PBXFileReference; explicitFileType = wrapper.application; includeInIndex = 0; path = GraduationProject.app; sourceTree = BUILT_PRODUCTS_DIR; };
		F69A087418EEA66600D88D85 /* Foundation.framework */ = {isa = PBXFileReference; lastKnownFileType = wrapper.framework; name = Foundation.framework; path = System/Library/Frameworks/Foundation.framework; sourceTree = SDKROOT; };
		F69A087618EEA66600D88D85 /* CoreGraphics.framework */ = {isa = PBXFileReference; lastKnownFileType = wrapper.framework; name = CoreGraphics.framework; path = System/Library/Frameworks/CoreGraphics.framework; sourceTree = SDKROOT; };
		F69A087818EEA66600D88D85 /* UIKit.framework */ = {isa = PBXFileReference; lastKnownFileType = wrapper.framework; name = UIKit.framework; path = System/Library/Frameworks/UIKit.framework; sourceTree = SDKROOT; };
		F69A087C18EEA66600D88D85 /* GraduationProject-Info.plist */ = {isa = PBXFileReference; lastKnownFileType = text.plist.xml; path = "GraduationProject-Info.plist"; sourceTree = "<group>"; };
		F69A087E18EEA66600D88D85 /* en */ = {isa = PBXFileReference; lastKnownFileType = text.plist.strings; name = en; path = en.lproj/InfoPlist.strings; sourceTree = "<group>"; };
		F69A088018EEA66600D88D85 /* main.m */ = {isa = PBXFileReference; lastKnownFileType = sourcecode.c.objc; path = main.m; sourceTree = "<group>"; };
		F69A088218EEA66600D88D85 /* GraduationProject-Prefix.pch */ = {isa = PBXFileReference; lastKnownFileType = sourcecode.c.h; path = "GraduationProject-Prefix.pch"; sourceTree = "<group>"; };
		F69A088318EEA66600D88D85 /* AppDelegate.h */ = {isa = PBXFileReference; lastKnownFileType = sourcecode.c.h; path = AppDelegate.h; sourceTree = "<group>"; };
		F69A088418EEA66600D88D85 /* AppDelegate.m */ = {isa = PBXFileReference; lastKnownFileType = sourcecode.c.objc; path = AppDelegate.m; sourceTree = "<group>"; };
		F69A088718EEA66600D88D85 /* Base */ = {isa = PBXFileReference; lastKnownFileType = file.storyboard; name = Base; path = Base.lproj/Main_iPhone.storyboard; sourceTree = "<group>"; };
		F69A088A18EEA66600D88D85 /* Base */ = {isa = PBXFileReference; lastKnownFileType = file.storyboard; name = Base; path = Base.lproj/Main_iPad.storyboard; sourceTree = "<group>"; };
		F69A088C18EEA66600D88D85 /* ViewController.h */ = {isa = PBXFileReference; lastKnownFileType = sourcecode.c.h; path = ViewController.h; sourceTree = "<group>"; };
		F69A088D18EEA66600D88D85 /* ViewController.m */ = {isa = PBXFileReference; lastKnownFileType = sourcecode.c.objc; path = ViewController.m; sourceTree = "<group>"; };
		F69A088F18EEA66600D88D85 /* Images.xcassets */ = {isa = PBXFileReference; lastKnownFileType = folder.assetcatalog; path = Images.xcassets; sourceTree = "<group>"; };
		F69A089518EEA66600D88D85 /* GraduationProjectTests.xctest */ = {isa = PBXFileReference; explicitFileType = wrapper.cfbundle; includeInIndex = 0; path = GraduationProjectTests.xctest; sourceTree = BUILT_PRODUCTS_DIR; };
		F69A089618EEA66600D88D85 /* XCTest.framework */ = {isa = PBXFileReference; lastKnownFileType = wrapper.framework; name = XCTest.framework; path = Library/Frameworks/XCTest.framework; sourceTree = DEVELOPER_DIR; };
		F69A089E18EEA66600D88D85 /* GraduationProjectTests-Info.plist */ = {isa = PBXFileReference; lastKnownFileType = text.plist.xml; path = "GraduationProjectTests-Info.plist"; sourceTree = "<group>"; };
		F69A08A018EEA66600D88D85 /* en */ = {isa = PBXFileReference; lastKnownFileType = text.plist.strings; name = en; path = en.lproj/InfoPlist.strings; sourceTree = "<group>"; };
		F69A08A218EEA66600D88D85 /* GraduationProjectTests.m */ = {isa = PBXFileReference; lastKnownFileType = sourcecode.c.objc; path = GraduationProjectTests.m; sourceTree = "<group>"; };
/* End PBXFileReference section */

/* Begin PBXFrameworksBuildPhase section */
		F69A086E18EEA66600D88D85 /* Frameworks */ = {
			isa = PBXFrameworksBuildPhase;
			buildActionMask = 2147483647;
			files = (
				F69A087718EEA66600D88D85 /* CoreGraphics.framework in Frameworks */,
				F69A087918EEA66600D88D85 /* UIKit.framework in Frameworks */,
				F69A087518EEA66600D88D85 /* Foundation.framework in Frameworks */,
			);
			runOnlyForDeploymentPostprocessing = 0;
		};
		F69A089218EEA66600D88D85 /* Frameworks */ = {
			isa = PBXFrameworksBuildPhase;
			buildActionMask = 2147483647;
			files = (
				F69A089718EEA66600D88D85 /* XCTest.framework in Frameworks */,
				F69A089918EEA66600D88D85 /* UIKit.framework in Frameworks */,
				F69A089818EEA66600D88D85 /* Foundation.framework in Frameworks */,
			);
			runOnlyForDeploymentPostprocessing = 0;
		};
/* End PBXFrameworksBuildPhase section */

/* Begin PBXGroup section */
		F69A086818EEA66600D88D85 = {
			isa = PBXGroup;
			children = (
				F69A087A18EEA66600D88D85 /* GraduationProject */,
				F69A089C18EEA66600D88D85 /* GraduationProjectTests */,
				F69A087318EEA66600D88D85 /* Frameworks */,
				F69A087218EEA66600D88D85 /* Products */,
			);
			sourceTree = "<group>";
		};
		F69A087218EEA66600D88D85 /* Products */ = {
			isa = PBXGroup;
			children = (
				F69A087118EEA66600D88D85 /* GraduationProject.app */,
				F69A089518EEA66600D88D85 /* GraduationProjectTests.xctest */,
			);
			name = Products;
			sourceTree = "<group>";
		};
		F69A087318EEA66600D88D85 /* Frameworks */ = {
			isa = PBXGroup;
			children = (
				F69A087418EEA66600D88D85 /* Foundation.framework */,
				F69A087618EEA66600D88D85 /* CoreGraphics.framework */,
				F69A087818EEA66600D88D85 /* UIKit.framework */,
				F69A089618EEA66600D88D85 /* XCTest.framework */,
			);
			name = Frameworks;
			sourceTree = "<group>";
		};
		F69A087A18EEA66600D88D85 /* GraduationProject */ = {
			isa = PBXGroup;
			children = (
				F69A088318EEA66600D88D85 /* AppDelegate.h */,
				F69A088418EEA66600D88D85 /* AppDelegate.m */,
				F69A088618EEA66600D88D85 /* Main_iPhone.storyboard */,
				F69A088918EEA66600D88D85 /* Main_iPad.storyboard */,
				F69A088C18EEA66600D88D85 /* ViewController.h */,
				F69A088D18EEA66600D88D85 /* ViewController.m */,
				F69A088F18EEA66600D88D85 /* Images.xcassets */,
				F69A087B18EEA66600D88D85 /* Supporting Files */,
			);
			path = GraduationProject;
			sourceTree = "<group>";
		};
		F69A087B18EEA66600D88D85 /* Supporting Files */ = {
			isa = PBXGroup;
			children = (
				F69A087C18EEA66600D88D85 /* GraduationProject-Info.plist */,
				F69A087D18EEA66600D88D85 /* InfoPlist.strings */,
				F69A088018EEA66600D88D85 /* main.m */,
				F69A088218EEA66600D88D85 /* GraduationProject-Prefix.pch */,
			);
			name = "Supporting Files";
			sourceTree = "<group>";
		};
		F69A089C18EEA66600D88D85 /* GraduationProjectTests */ = {
			isa = PBXGroup;
			children = (
				F69A08A218EEA66600D88D85 /* GraduationProjectTests.m */,
				F69A089D18EEA66600D88D85 /* Supporting Files */,
			);
			path = GraduationProjectTests;
			sourceTree = "<group>";
		};
		F69A089D18EEA66600D88D85 /* Supporting Files */ = {
			isa = PBXGroup;
			children = (
				F69A089E18EEA66600D88D85 /* GraduationProjectTests-Info.plist */,
				F69A089F18EEA66600D88D85 /* InfoPlist.strings */,
			);
			name = "Supporting Files";
			sourceTree = "<group>";
		};
/* End PBXGroup section */

/* Begin PBXNativeTarget section */
		F69A087018EEA66600D88D85 /* GraduationProject */ = {
			isa = PBXNativeTarget;
			buildConfigurationList = F69A08A618EEA66600D88D85 /* Build configuration list for PBXNativeTarget "GraduationProject" */;
			buildPhases = (
				F69A086D18EEA66600D88D85 /* Sources */,
				F69A086E18EEA66600D88D85 /* Frameworks */,
				F69A086F18EEA66600D88D85 /* Resources */,
			);
			buildRules = (
			);
			dependencies = (
			);
			name = GraduationProject;
			productName = GraduationProject;
			productReference = F69A087118EEA66600D88D85 /* GraduationProject.app */;
			productType = "com.apple.product-type.application";
		};
		F69A089418EEA66600D88D85 /* GraduationProjectTests */ = {
			isa = PBXNativeTarget;
			buildConfigurationList = F69A08A918EEA66600D88D85 /* Build configuration list for PBXNativeTarget "GraduationProjectTests" */;
			buildPhases = (
				F69A089118EEA66600D88D85 /* Sources */,
				F69A089218EEA66600D88D85 /* Frameworks */,
				F69A089318EEA66600D88D85 /* Resources */,
			);
			buildRules = (
			);
			dependencies = (
				F69A089B18EEA66600D88D85 /* PBXTargetDependency */,
			);
			name = GraduationProjectTests;
			productName = GraduationProjectTests;
			productReference = F69A089518EEA66600D88D85 /* GraduationProjectTests.xctest */;
			productType = "com.apple.product-type.bundle.unit-test";
		};
/* End PBXNativeTarget section */

/* Begin PBXProject section */
		F69A086918EEA66600D88D85 /* Project object */ = {
			isa = PBXProject;
			attributes = {
				LastUpgradeCheck = 0510;
				ORGANIZATIONNAME = Stan;
				TargetAttributes = {
					F69A089418EEA66600D88D85 = {
						TestTargetID = F69A087018EEA66600D88D85;
					};
				};
			};
			buildConfigurationList = F69A086C18EEA66600D88D85 /* Build configuration list for PBXProject "GraduationProject" */;
			compatibilityVersion = "Xcode 3.2";
			developmentRegion = English;
			hasScannedForEncodings = 0;
			knownRegions = (
				en,
				Base,
			);
			mainGroup = F69A086818EEA66600D88D85;
			productRefGroup = F69A087218EEA66600D88D85 /* Products */;
			projectDirPath = "";
			projectRoot = "";
			targets = (
				F69A087018EEA66600D88D85 /* GraduationProject */,
				F69A089418EEA66600D88D85 /* GraduationProjectTests */,
			);
		};
/* End PBXProject section */

/* Begin PBXResourcesBuildPhase section */
		F69A086F18EEA66600D88D85 /* Resources */ = {
			isa = PBXResourcesBuildPhase;
			buildActionMask = 2147483647;
			files = (
				F69A088B18EEA66600D88D85 /* Main_iPad.storyboard in Resources */,
				F69A089018EEA66600D88D85 /* Images.xcassets in Resources */,
				F69A088818EEA66600D88D85 /* Main_iPhone.storyboard in Resources */,
				F69A087F18EEA66600D88D85 /* InfoPlist.strings in Resources */,
			);
			runOnlyForDeploymentPostprocessing = 0;
		};
		F69A089318EEA66600D88D85 /* Resources */ = {
			isa = PBXResourcesBuildPhase;
			buildActionMask = 2147483647;
			files = (
				F69A08A118EEA66600D88D85 /* InfoPlist.strings in Resources */,
			);
			runOnlyForDeploymentPostprocessing = 0;
		};
/* End PBXResourcesBuildPhase section */

/* Begin PBXSourcesBuildPhase section */
		F69A086D18EEA66600D88D85 /* Sources */ = {
			isa = PBXSourcesBuildPhase;
			buildActionMask = 2147483647;
			files = (
				F69A088E18EEA66600D88D85 /* ViewController.m in Sources */,
				F69A088518EEA66600D88D85 /* AppDelegate.m in Sources */,
				F69A088118EEA66600D88D85 /* main.m in Sources */,
			);
			runOnlyForDeploymentPostprocessing = 0;
		};
		F69A089118EEA66600D88D85 /* Sources */ = {
			isa = PBXSourcesBuildPhase;
			buildActionMask = 2147483647;
			files = (
				F69A08A318EEA66600D88D85 /* GraduationProjectTests.m in Sources */,
			);
			runOnlyForDeploymentPostprocessing = 0;
		};
/* End PBXSourcesBuildPhase section */

/* Begin PBXTargetDependency section */
		F69A089B18EEA66600D88D85 /* PBXTargetDependency */ = {
			isa = PBXTargetDependency;
			target = F69A087018EEA66600D88D85 /* GraduationProject */;
			targetProxy = F69A089A18EEA66600D88D85 /* PBXContainerItemProxy */;
		};
/* End PBXTargetDependency section */

/* Begin PBXVariantGroup section */
		F69A087D18EEA66600D88D85 /* InfoPlist.strings */ = {
			isa = PBXVariantGroup;
			children = (
				F69A087E18EEA66600D88D85 /* en */,
			);
			name = InfoPlist.strings;
			sourceTree = "<group>";
		};
		F69A088618EEA66600D88D85 /* Main_iPhone.storyboard */ = {
			isa = PBXVariantGroup;
			children = (
				F69A088718EEA66600D88D85 /* Base */,
			);
			name = Main_iPhone.storyboard;
			sourceTree = "<group>";
		};
		F69A088918EEA66600D88D85 /* Main_iPad.storyboard */ = {
			isa = PBXVariantGroup;
			children = (
				F69A088A18EEA66600D88D85 /* Base */,
			);
			name = Main_iPad.storyboard;
			sourceTree = "<group>";
		};
		F69A089F18EEA66600D88D85 /* InfoPlist.strings */ = {
			isa = PBXVariantGroup;
			children = (
				F69A08A018EEA66600D88D85 /* en */,
			);
			name = InfoPlist.strings;
			sourceTree = "<group>";
		};
/* End PBXVariantGroup section */

/* Begin XCBuildConfiguration section */
		F69A08A418EEA66600D88D85 /* Debug */ = {
			isa = XCBuildConfiguration;
			buildSettings = {
				ALWAYS_SEARCH_USER_PATHS = NO;
				CLANG_CXX_LANGUAGE_STANDARD = "gnu++0x";
				CLANG_CXX_LIBRARY = "libc++";
				CLANG_ENABLE_MODULES = YES;
				CLANG_ENABLE_OBJC_ARC = YES;
				CLANG_WARN_BOOL_CONVERSION = YES;
				CLANG_WARN_CONSTANT_CONVERSION = YES;
				CLANG_WARN_DIRECT_OBJC_ISA_USAGE = YES_ERROR;
				CLANG_WARN_EMPTY_BODY = YES;
				CLANG_WARN_ENUM_CONVERSION = YES;
				CLANG_WARN_INT_CONVERSION = YES;
				CLANG_WARN_OBJC_ROOT_CLASS = YES_ERROR;
				CLANG_WARN__DUPLICATE_METHOD_MATCH = YES;
				"CODE_SIGN_IDENTITY[sdk=iphoneos*]" = "iPhone Developer";
				COPY_PHASE_STRIP = NO;
				GCC_C_LANGUAGE_STANDARD = gnu99;
				GCC_DYNAMIC_NO_PIC = NO;
				GCC_OPTIMIZATION_LEVEL = 0;
				GCC_PREPROCESSOR_DEFINITIONS = (
					"DEBUG=1",
					"$(inherited)",
				);
				GCC_SYMBOLS_PRIVATE_EXTERN = NO;
				GCC_WARN_64_TO_32_BIT_CONVERSION = YES;
				GCC_WARN_ABOUT_RETURN_TYPE = YES_ERROR;
				GCC_WARN_UNDECLARED_SELECTOR = YES;
				GCC_WARN_UNINITIALIZED_AUTOS = YES_AGGRESSIVE;
				GCC_WARN_UNUSED_FUNCTION = YES;
				GCC_WARN_UNUSED_VARIABLE = YES;
				IPHONEOS_DEPLOYMENT_TARGET = 7.1;
				ONLY_ACTIVE_ARCH = YES;
				SDKROOT = iphoneos;
				TARGETED_DEVICE_FAMILY = "1,2";
			};
			name = Debug;
		};
		F69A08A518EEA66600D88D85 /* Release */ = {
			isa = XCBuildConfiguration;
			buildSettings = {
				ALWAYS_SEARCH_USER_PATHS = NO;
				CLANG_CXX_LANGUAGE_STANDARD = "gnu++0x";
				CLANG_CXX_LIBRARY = "libc++";
				CLANG_ENABLE_MODULES = YES;
				CLANG_ENABLE_OBJC_ARC = YES;
				CLANG_WARN_BOOL_CONVERSION = YES;
				CLANG_WARN_CONSTANT_CONVERSION = YES;
				CLANG_WARN_DIRECT_OBJC_ISA_USAGE = YES_ERROR;
				CLANG_WARN_EMPTY_BODY = YES;
				CLANG_WARN_ENUM_CONVERSION = YES;
				CLANG_WARN_INT_CONVERSION = YES;
				CLANG_WARN_OBJC_ROOT_CLASS = YES_ERROR;
				CLANG_WARN__DUPLICATE_METHOD_MATCH = YES;
				"CODE_SIGN_IDENTITY[sdk=iphoneos*]" = "iPhone Developer";
				COPY_PHASE_STRIP = YES;
				ENABLE_NS_ASSERTIONS = NO;
				GCC_C_LANGUAGE_STANDARD = gnu99;
				GCC_WARN_64_TO_32_BIT_CONVERSION = YES;
				GCC_WARN_ABOUT_RETURN_TYPE = YES_ERROR;
				GCC_WARN_UNDECLARED_SELECTOR = YES;
				GCC_WARN_UNINITIALIZED_AUTOS = YES_AGGRESSIVE;
				GCC_WARN_UNUSED_FUNCTION = YES;
				GCC_WARN_UNUSED_VARIABLE = YES;
				IPHONEOS_DEPLOYMENT_TARGET = 7.1;
				SDKROOT = iphoneos;
				TARGETED_DEVICE_FAMILY = "1,2";
				VALIDATE_PRODUCT = YES;
			};
			name = Release;
		};
		F69A08A718EEA66600D88D85 /* Debug */ = {
			isa = XCBuildConfiguration;
			buildSettings = {
				ASSETCATALOG_COMPILER_APPICON_NAME = AppIcon;
				ASSETCATALOG_COMPILER_LAUNCHIMAGE_NAME = LaunchImage;
				GCC_PRECOMPILE_PREFIX_HEADER = YES;
				GCC_PREFIX_HEADER = "GraduationProject/GraduationProject-Prefix.pch";
				INFOPLIST_FILE = "GraduationProject/GraduationProject-Info.plist";
				PRODUCT_NAME = "$(TARGET_NAME)";
				WRAPPER_EXTENSION = app;
			};
			name = Debug;
		};
		F69A08A818EEA66600D88D85 /* Release */ = {
			isa = XCBuildConfiguration;
			buildSettings = {
				ASSETCATALOG_COMPILER_APPICON_NAME = AppIcon;
				ASSETCATALOG_COMPILER_LAUNCHIMAGE_NAME = LaunchImage;
				GCC_PRECOMPILE_PREFIX_HEADER = YES;
				GCC_PREFIX_HEADER = "GraduationProject/GraduationProject-Prefix.pch";
				INFOPLIST_FILE = "GraduationProject/GraduationProject-Info.plist";
				PRODUCT_NAME = "$(TARGET_NAME)";
				WRAPPER_EXTENSION = app;
			};
			name = Release;
		};
		F69A08AA18EEA66600D88D85 /* Debug */ = {
			isa = XCBuildConfiguration;
			buildSettings = {
				BUNDLE_LOADER = "$(BUILT_PRODUCTS_DIR)/GraduationProject.app/GraduationProject";
				FRAMEWORK_SEARCH_PATHS = (
					"$(SDKROOT)/Developer/Library/Frameworks",
					"$(inherited)",
					"$(DEVELOPER_FRAMEWORKS_DIR)",
				);
				GCC_PRECOMPILE_PREFIX_HEADER = YES;
				GCC_PREFIX_HEADER = "GraduationProject/GraduationProject-Prefix.pch";
				GCC_PREPROCESSOR_DEFINITIONS = (
					"DEBUG=1",
					"$(inherited)",
				);
				INFOPLIST_FILE = "GraduationProjectTests/GraduationProjectTests-Info.plist";
				PRODUCT_NAME = "$(TARGET_NAME)";
				TEST_HOST = "$(BUNDLE_LOADER)";
				WRAPPER_EXTENSION = xctest;
			};
			name = Debug;
		};
		F69A08AB18EEA66600D88D85 /* Release */ = {
			isa = XCBuildConfiguration;
			buildSettings = {
				BUNDLE_LOADER = "$(BUILT_PRODUCTS_DIR)/GraduationProject.app/GraduationProject";
				FRAMEWORK_SEARCH_PATHS = (
					"$(SDKROOT)/Developer/Library/Frameworks",
					"$(inherited)",
					"$(DEVELOPER_FRAMEWORKS_DIR)",
				);
				GCC_PRECOMPILE_PREFIX_HEADER = YES;
				GCC_PREFIX_HEADER = "GraduationProject/GraduationProject-Prefix.pch";
				INFOPLIST_FILE = "GraduationProjectTests/GraduationProjectTests-Info.plist";
				PRODUCT_NAME = "$(TARGET_NAME)";
				TEST_HOST = "$(BUNDLE_LOADER)";
				WRAPPER_EXTENSION = xctest;
			};
			name = Release;
		};
/* End XCBuildConfiguration section */

/* Begin XCConfigurationList section */
		F69A086C18EEA66600D88D85 /* Build configuration list for PBXProject "GraduationProject" */ = {
			isa = XCConfigurationList;
			buildConfigurations = (
				F69A08A418EEA66600D88D85 /* Debug */,
				F69A08A518EEA66600D88D85 /* Release */,
			);
			defaultConfigurationIsVisible = 0;
			defaultConfigurationName = Release;
		};
		F69A08A618EEA66600D88D85 /* Build configuration list for PBXNativeTarget "GraduationProject" */ = {
			isa = XCConfigurationList;
			buildConfigurations = (
				F69A08A718EEA66600D88D85 /* Debug */,
				F69A08A818EEA66600D88D85 /* Release */,
			);
			defaultConfigurationIsVisible = 0;
		};
		F69A08A918EEA66600D88D85 /* Build configuration list for PBXNativeTarget "GraduationProjectTests" */ = {
			isa = XCConfigurationList;
			buildConfigurations = (
				F69A08AA18EEA66600D88D85 /* Debug */,
				F69A08AB18EEA66600D88D85 /* Release */,
			);
			defaultConfigurationIsVisible = 0;
		};
/* End XCConfigurationList section */
	};
	rootObject = F69A086918EEA66600D88D85 /* Project object */;
}
